// !$*UTF8*$!
{
	archiveVersion = 1;
	classes = {
	};
	objectVersion = 60;
	objects = {

/* Begin PBXBuildFile section */
		2E02686C2AB88F4500C18681 /* lottaApp.swift in Sources */ = {isa = PBXBuildFile; fileRef = 2E02686B2AB88F4500C18681 /* lottaApp.swift */; };
		2E02686E2AB88F4500C18681 /* MessagingView.swift in Sources */ = {isa = PBXBuildFile; fileRef = 2E02686D2AB88F4500C18681 /* MessagingView.swift */; };
		2E0268722AB88F4600C18681 /* Assets.xcassets in Resources */ = {isa = PBXBuildFile; fileRef = 2E0268712AB88F4600C18681 /* Assets.xcassets */; };
		2E0268752AB88F4600C18681 /* Preview Assets.xcassets in Resources */ = {isa = PBXBuildFile; fileRef = 2E0268742AB88F4600C18681 /* Preview Assets.xcassets */; };
		2E02687F2AB88F4600C18681 /* lottaTests.swift in Sources */ = {isa = PBXBuildFile; fileRef = 2E02687E2AB88F4600C18681 /* lottaTests.swift */; };
		2E0268892AB88F4600C18681 /* lottaUITests.swift in Sources */ = {isa = PBXBuildFile; fileRef = 2E0268882AB88F4600C18681 /* lottaUITests.swift */; };
		2E02688B2AB88F4600C18681 /* lottaUITestsLaunchTests.swift in Sources */ = {isa = PBXBuildFile; fileRef = 2E02688A2AB88F4600C18681 /* lottaUITestsLaunchTests.swift */; };
		2E02689B2AB8936300C18681 /* CoreApi.swift in Sources */ = {isa = PBXBuildFile; fileRef = 2E02689A2AB8936300C18681 /* CoreApi.swift */; };
		2E02689D2AB8942600C18681 /* CreateLoginSession.swift in Sources */ = {isa = PBXBuildFile; fileRef = 2E02689C2AB8942600C18681 /* CreateLoginSession.swift */; };
		2E0268A32AB8988400C18681 /* LottaCoreAPI in Frameworks */ = {isa = PBXBuildFile; productRef = 2E0268A22AB8988400C18681 /* LottaCoreAPI */; };
		2E0268A52AB900DC00C18681 /* Tenant.swift in Sources */ = {isa = PBXBuildFile; fileRef = 2E0268A42AB900DC00C18681 /* Tenant.swift */; };
		2E0268AF2AB90A2400C18681 /* ModelData.swift in Sources */ = {isa = PBXBuildFile; fileRef = 2E0268AE2AB90A2400C18681 /* ModelData.swift */; };
		2E0BAFDA2B7FA233009C891B /* UserSessionListItem.swift in Sources */ = {isa = PBXBuildFile; fileRef = 2E0BAFD92B7FA233009C891B /* UserSessionListItem.swift */; };
		2E12B3E72ABDA5DB00555B9D /* ConversationsList.swift in Sources */ = {isa = PBXBuildFile; fileRef = 2E12B3E62ABDA5DB00555B9D /* ConversationsList.swift */; };
		2E12B3EB2ABDE05700555B9D /* LottaFile.swift in Sources */ = {isa = PBXBuildFile; fileRef = 2E12B3EA2ABDE05700555B9D /* LottaFile.swift */; };
		2E12B3ED2ABDE11600555B9D /* Group.swift in Sources */ = {isa = PBXBuildFile; fileRef = 2E12B3EC2ABDE11600555B9D /* Group.swift */; };
		2E12B3EF2ABDE6A100555B9D /* Avatar.swift in Sources */ = {isa = PBXBuildFile; fileRef = 2E12B3EE2ABDE6A100555B9D /* Avatar.swift */; };
		2E12B3F12ABDEBF000555B9D /* MessageList.swift in Sources */ = {isa = PBXBuildFile; fileRef = 2E12B3F02ABDEBF000555B9D /* MessageList.swift */; };
		2E12B3F52ABDF4F900555B9D /* MessageRow.swift in Sources */ = {isa = PBXBuildFile; fileRef = 2E12B3F42ABDF4F900555B9D /* MessageRow.swift */; };
		2E12B3F72ABDF56D00555B9D /* MessageBubble.swift in Sources */ = {isa = PBXBuildFile; fileRef = 2E12B3F62ABDF56D00555B9D /* MessageBubble.swift */; };
		2E12B3F92ABDF74200555B9D /* MessageInputView.swift in Sources */ = {isa = PBXBuildFile; fileRef = 2E12B3F82ABDF74200555B9D /* MessageInputView.swift */; };
		2E12B3FB2ABE13AC00555B9D /* RootView.swift in Sources */ = {isa = PBXBuildFile; fileRef = 2E12B3FA2ABE13AC00555B9D /* RootView.swift */; };
		2E12B3FD2ABE160500555B9D /* SelectTenantView.swift in Sources */ = {isa = PBXBuildFile; fileRef = 2E12B3FC2ABE160500555B9D /* SelectTenantView.swift */; };
		2E12B3FF2ABE519D00555B9D /* ProfileView.swift in Sources */ = {isa = PBXBuildFile; fileRef = 2E12B3FE2ABE519D00555B9D /* ProfileView.swift */; };
		2E12B4012ABE532500555B9D /* AuthInfo.swift in Sources */ = {isa = PBXBuildFile; fileRef = 2E12B4002ABE532500555B9D /* AuthInfo.swift */; };
		2E2D82A02AC743B800CC3E1F /* Theme.swift in Sources */ = {isa = PBXBuildFile; fileRef = 2E2D829F2AC743B800CC3E1F /* Theme.swift */; };
		2E2D82A22AC7551F00CC3E1F /* LottaButton.swift in Sources */ = {isa = PBXBuildFile; fileRef = 2E2D82A12AC7551F00CC3E1F /* LottaButton.swift */; };
		2E31D7472AF5343800E369CD /* ThemeColor.swift in Sources */ = {isa = PBXBuildFile; fileRef = 2E31D7462AF5343800E369CD /* ThemeColor.swift */; };
		2E31D7492AF5627A00E369CD /* PersistedUserSession.swift in Sources */ = {isa = PBXBuildFile; fileRef = 2E31D7482AF5627A00E369CD /* PersistedUserSession.swift */; };
		2E31D74A2AF64D0100E369CD /* (null) in Frameworks */ = {isa = PBXBuildFile; };
		2E31D74B2AF64D0100E369CD /* (null) in Frameworks */ = {isa = PBXBuildFile; };
		2E3952F32AC346810013465C /* MainView.swift in Sources */ = {isa = PBXBuildFile; fileRef = 2E3952F22AC346810013465C /* MainView.swift */; };
		2E3C5E1E2B257A7A00B74BD0 /* String+toDate.swift in Sources */ = {isa = PBXBuildFile; fileRef = 2E3C5E1D2B257A7A00B74BD0 /* String+toDate.swift */; };
		2E4191A32ACC5B5800FD0FDA /* Apollo in Frameworks */ = {isa = PBXBuildFile; productRef = 2E4191A22ACC5B5800FD0FDA /* Apollo */; };
		2E4191A52ACC5B5800FD0FDA /* ApolloAPI in Frameworks */ = {isa = PBXBuildFile; productRef = 2E4191A42ACC5B5800FD0FDA /* ApolloAPI */; };
		2E4191A72ACC5B5800FD0FDA /* ApolloWebSocket in Frameworks */ = {isa = PBXBuildFile; productRef = 2E4191A62ACC5B5800FD0FDA /* ApolloWebSocket */; };
		2E4191AA2ACC621F00FD0FDA /* Data+hexString.swift in Sources */ = {isa = PBXBuildFile; fileRef = 2E4191A92ACC621F00FD0FDA /* Data+hexString.swift */; };
		2E4191AC2ACC913000FD0FDA /* DeviceIdentificationService.swift in Sources */ = {isa = PBXBuildFile; fileRef = 2E4191AB2ACC913000FD0FDA /* DeviceIdentificationService.swift */; };
		2E4191B12ACC946200FD0FDA /* DeviceKit in Frameworks */ = {isa = PBXBuildFile; productRef = 2E4191B02ACC946200FD0FDA /* DeviceKit */; };
		2E4C2E8D2ABEC6C800F846E9 /* ConversationListItem.swift in Sources */ = {isa = PBXBuildFile; fileRef = 2E4C2E8C2ABEC6C800F846E9 /* ConversationListItem.swift */; };
		2E5460982AE250FE00040149 /* UserSession.swift in Sources */ = {isa = PBXBuildFile; fileRef = 2E5460972AE250FE00040149 /* UserSession.swift */; };
		2E54609A2AE2538500040149 /* LottaLogoView.swift in Sources */ = {isa = PBXBuildFile; fileRef = 2E5460992AE2538500040149 /* LottaLogoView.swift */; };
		2E54609C2AE254E100040149 /* TenantRootView.swift in Sources */ = {isa = PBXBuildFile; fileRef = 2E54609B2AE254E100040149 /* TenantRootView.swift */; };
		2E54609E2AEE5AC800040149 /* ConversationView.swift in Sources */ = {isa = PBXBuildFile; fileRef = 2E54609D2AEE5AC800040149 /* ConversationView.swift */; };
		2E5460A02AEF162D00040149 /* RouterData.swift in Sources */ = {isa = PBXBuildFile; fileRef = 2E54609F2AEF162D00040149 /* RouterData.swift */; };
		2E5460A22AF123D000040149 /* MessageBubbleFileRow.swift in Sources */ = {isa = PBXBuildFile; fileRef = 2E5460A12AF123D000040149 /* MessageBubbleFileRow.swift */; };
		2E5460A82AF17DAB00040149 /* ApolloSQLite in Frameworks */ = {isa = PBXBuildFile; productRef = 2E5460A72AF17DAB00040149 /* ApolloSQLite */; };
		2E6A39D42ACC4EFA0003F447 /* PushNotificationService.swift in Sources */ = {isa = PBXBuildFile; fileRef = 2E6A39D32ACC4EFA0003F447 /* PushNotificationService.swift */; };
		2E6B04BE2ACB357900A10052 /* KeychainSwift in Frameworks */ = {isa = PBXBuildFile; productRef = 2E6B04BD2ACB357900A10052 /* KeychainSwift */; };
		2E6B04C12ACB47AE00A10052 /* AuthorizationInterceptor.swift in Sources */ = {isa = PBXBuildFile; fileRef = 2E6B04C02ACB47AE00A10052 /* AuthorizationInterceptor.swift */; };
		2E6B04C32ACB494900A10052 /* NetworkInterceptorProvider.swift in Sources */ = {isa = PBXBuildFile; fileRef = 2E6B04C22ACB494900A10052 /* NetworkInterceptorProvider.swift */; };
		2E6B04C62ACB4CA900A10052 /* JWTDecode in Frameworks */ = {isa = PBXBuildFile; productRef = 2E6B04C52ACB4CA900A10052 /* JWTDecode */; };
		2E6B04C82ACB55F300A10052 /* RefreshTokenInterceptor.swift in Sources */ = {isa = PBXBuildFile; fileRef = 2E6B04C72ACB55F300A10052 /* RefreshTokenInterceptor.swift */; };
		2E98A7F92ABCD49D000BB6CF /* UserAvatar.swift in Sources */ = {isa = PBXBuildFile; fileRef = 2E98A7F82ABCD49D000BB6CF /* UserAvatar.swift */; };
		2E98A7FC2ABCE079000BB6CF /* User.swift in Sources */ = {isa = PBXBuildFile; fileRef = 2E98A7FB2ABCE079000BB6CF /* User.swift */; };
		2E9B01AC2B11AA52005508B3 /* RemoveNullsFromDict.swift in Sources */ = {isa = PBXBuildFile; fileRef = 2E9B01AB2B11AA52005508B3 /* RemoveNullsFromDict.swift */; };
		2E9B01AE2B11F627005508B3 /* ConversationUtil.swift in Sources */ = {isa = PBXBuildFile; fileRef = 2E9B01AD2B11F627005508B3 /* ConversationUtil.swift */; };
		2E9B01B02B11F7E9005508B3 /* UserUtil.swift in Sources */ = {isa = PBXBuildFile; fileRef = 2E9B01AF2B11F7E9005508B3 /* UserUtil.swift */; };
		2E9FBD532B2CC83E00D55706 /* LaunchScreen.storyboard in Resources */ = {isa = PBXBuildFile; fileRef = 2E9FBD522B2CC83E00D55706 /* LaunchScreen.storyboard */; };
		2EA434312B094622000D8666 /* CreateConversationView.swift in Sources */ = {isa = PBXBuildFile; fileRef = 2EA434302B094622000D8666 /* CreateConversationView.swift */; };
		2EA434332B096CBF000D8666 /* NewMessageDestination.swift in Sources */ = {isa = PBXBuildFile; fileRef = 2EA434322B096CBF000D8666 /* NewMessageDestination.swift */; };
		2EA434352B096DF7000D8666 /* NewConversationView.swift in Sources */ = {isa = PBXBuildFile; fileRef = 2EA434342B096DF7000D8666 /* NewConversationView.swift */; };
		2EA434372B0BB11A000D8666 /* SearchUserList.swift in Sources */ = {isa = PBXBuildFile; fileRef = 2EA434362B0BB11A000D8666 /* SearchUserList.swift */; };
		2EBAC93C2ACB9D1D0062B12B /* AppDelegate.swift in Sources */ = {isa = PBXBuildFile; fileRef = 2EBAC93B2ACB9D1D0062B12B /* AppDelegate.swift */; };
		8F771D6F369D4F6AA57B14F7 /* Sentry in Frameworks */ = {isa = PBXBuildFile; productRef = 5A360A425FE94FBE9718F5EF /* Sentry */; };
/* End PBXBuildFile section */

/* Begin PBXContainerItemProxy section */
		2E02687B2AB88F4600C18681 /* PBXContainerItemProxy */ = {
			isa = PBXContainerItemProxy;
			containerPortal = 2E0268602AB88F4500C18681 /* Project object */;
			proxyType = 1;
			remoteGlobalIDString = 2E0268672AB88F4500C18681;
			remoteInfo = lotta;
		};
		2E0268852AB88F4600C18681 /* PBXContainerItemProxy */ = {
			isa = PBXContainerItemProxy;
			containerPortal = 2E0268602AB88F4500C18681 /* Project object */;
			proxyType = 1;
			remoteGlobalIDString = 2E0268672AB88F4500C18681;
			remoteInfo = lotta;
		};
/* End PBXContainerItemProxy section */

/* Begin PBXFileReference section */
		2E0268682AB88F4500C18681 /* lotta.app */ = {isa = PBXFileReference; explicitFileType = wrapper.application; includeInIndex = 0; path = lotta.app; sourceTree = BUILT_PRODUCTS_DIR; };
		2E02686B2AB88F4500C18681 /* lottaApp.swift */ = {isa = PBXFileReference; lastKnownFileType = sourcecode.swift; path = lottaApp.swift; sourceTree = "<group>"; };
		2E02686D2AB88F4500C18681 /* MessagingView.swift */ = {isa = PBXFileReference; lastKnownFileType = sourcecode.swift; path = MessagingView.swift; sourceTree = "<group>"; };
		2E0268712AB88F4600C18681 /* Assets.xcassets */ = {isa = PBXFileReference; lastKnownFileType = folder.assetcatalog; path = Assets.xcassets; sourceTree = "<group>"; };
		2E0268742AB88F4600C18681 /* Preview Assets.xcassets */ = {isa = PBXFileReference; lastKnownFileType = folder.assetcatalog; path = "Preview Assets.xcassets"; sourceTree = "<group>"; };
		2E02687A2AB88F4600C18681 /* lottaTests.xctest */ = {isa = PBXFileReference; explicitFileType = wrapper.cfbundle; includeInIndex = 0; path = lottaTests.xctest; sourceTree = BUILT_PRODUCTS_DIR; };
		2E02687E2AB88F4600C18681 /* lottaTests.swift */ = {isa = PBXFileReference; lastKnownFileType = sourcecode.swift; path = lottaTests.swift; sourceTree = "<group>"; };
		2E0268842AB88F4600C18681 /* lottaUITests.xctest */ = {isa = PBXFileReference; explicitFileType = wrapper.cfbundle; includeInIndex = 0; path = lottaUITests.xctest; sourceTree = BUILT_PRODUCTS_DIR; };
		2E0268882AB88F4600C18681 /* lottaUITests.swift */ = {isa = PBXFileReference; lastKnownFileType = sourcecode.swift; path = lottaUITests.swift; sourceTree = "<group>"; };
		2E02688A2AB88F4600C18681 /* lottaUITestsLaunchTests.swift */ = {isa = PBXFileReference; lastKnownFileType = sourcecode.swift; path = lottaUITestsLaunchTests.swift; sourceTree = "<group>"; };
		2E02689A2AB8936300C18681 /* CoreApi.swift */ = {isa = PBXFileReference; lastKnownFileType = sourcecode.swift; path = CoreApi.swift; sourceTree = "<group>"; };
		2E02689C2AB8942600C18681 /* CreateLoginSession.swift */ = {isa = PBXFileReference; lastKnownFileType = sourcecode.swift; path = CreateLoginSession.swift; sourceTree = "<group>"; };
		2E0268A42AB900DC00C18681 /* Tenant.swift */ = {isa = PBXFileReference; lastKnownFileType = sourcecode.swift; path = Tenant.swift; sourceTree = "<group>"; };
		2E0268AE2AB90A2400C18681 /* ModelData.swift */ = {isa = PBXFileReference; lastKnownFileType = sourcecode.swift; path = ModelData.swift; sourceTree = "<group>"; };
		2E0BAFD92B7FA233009C891B /* UserSessionListItem.swift */ = {isa = PBXFileReference; lastKnownFileType = sourcecode.swift; path = UserSessionListItem.swift; sourceTree = "<group>"; };
		2E12B3E62ABDA5DB00555B9D /* ConversationsList.swift */ = {isa = PBXFileReference; lastKnownFileType = sourcecode.swift; path = ConversationsList.swift; sourceTree = "<group>"; };
		2E12B3EA2ABDE05700555B9D /* LottaFile.swift */ = {isa = PBXFileReference; lastKnownFileType = sourcecode.swift; path = LottaFile.swift; sourceTree = "<group>"; };
		2E12B3EC2ABDE11600555B9D /* Group.swift */ = {isa = PBXFileReference; lastKnownFileType = sourcecode.swift; path = Group.swift; sourceTree = "<group>"; };
		2E12B3EE2ABDE6A100555B9D /* Avatar.swift */ = {isa = PBXFileReference; lastKnownFileType = sourcecode.swift; path = Avatar.swift; sourceTree = "<group>"; };
		2E12B3F02ABDEBF000555B9D /* MessageList.swift */ = {isa = PBXFileReference; lastKnownFileType = sourcecode.swift; path = MessageList.swift; sourceTree = "<group>"; };
		2E12B3F42ABDF4F900555B9D /* MessageRow.swift */ = {isa = PBXFileReference; lastKnownFileType = sourcecode.swift; path = MessageRow.swift; sourceTree = "<group>"; };
		2E12B3F62ABDF56D00555B9D /* MessageBubble.swift */ = {isa = PBXFileReference; lastKnownFileType = sourcecode.swift; path = MessageBubble.swift; sourceTree = "<group>"; };
		2E12B3F82ABDF74200555B9D /* MessageInputView.swift */ = {isa = PBXFileReference; lastKnownFileType = sourcecode.swift; path = MessageInputView.swift; sourceTree = "<group>"; };
		2E12B3FA2ABE13AC00555B9D /* RootView.swift */ = {isa = PBXFileReference; lastKnownFileType = sourcecode.swift; path = RootView.swift; sourceTree = "<group>"; };
		2E12B3FC2ABE160500555B9D /* SelectTenantView.swift */ = {isa = PBXFileReference; lastKnownFileType = sourcecode.swift; path = SelectTenantView.swift; sourceTree = "<group>"; };
		2E12B3FE2ABE519D00555B9D /* ProfileView.swift */ = {isa = PBXFileReference; lastKnownFileType = sourcecode.swift; path = ProfileView.swift; sourceTree = "<group>"; };
		2E12B4002ABE532500555B9D /* AuthInfo.swift */ = {isa = PBXFileReference; lastKnownFileType = sourcecode.swift; path = AuthInfo.swift; sourceTree = "<group>"; };
		2E2D829F2AC743B800CC3E1F /* Theme.swift */ = {isa = PBXFileReference; lastKnownFileType = sourcecode.swift; path = Theme.swift; sourceTree = "<group>"; };
		2E2D82A12AC7551F00CC3E1F /* LottaButton.swift */ = {isa = PBXFileReference; lastKnownFileType = sourcecode.swift; path = LottaButton.swift; sourceTree = "<group>"; };
		2E31D7462AF5343800E369CD /* ThemeColor.swift */ = {isa = PBXFileReference; lastKnownFileType = sourcecode.swift; path = ThemeColor.swift; sourceTree = "<group>"; };
		2E31D7482AF5627A00E369CD /* PersistedUserSession.swift */ = {isa = PBXFileReference; lastKnownFileType = sourcecode.swift; path = PersistedUserSession.swift; sourceTree = "<group>"; };
		2E3952F22AC346810013465C /* MainView.swift */ = {isa = PBXFileReference; lastKnownFileType = sourcecode.swift; path = MainView.swift; sourceTree = "<group>"; };
		2E3C5E1D2B257A7A00B74BD0 /* String+toDate.swift */ = {isa = PBXFileReference; lastKnownFileType = sourcecode.swift; path = "String+toDate.swift"; sourceTree = "<group>"; };
		2E4191A92ACC621F00FD0FDA /* Data+hexString.swift */ = {isa = PBXFileReference; lastKnownFileType = sourcecode.swift; path = "Data+hexString.swift"; sourceTree = "<group>"; };
		2E4191AB2ACC913000FD0FDA /* DeviceIdentificationService.swift */ = {isa = PBXFileReference; lastKnownFileType = sourcecode.swift; path = DeviceIdentificationService.swift; sourceTree = "<group>"; };
		2E4C2E8C2ABEC6C800F846E9 /* ConversationListItem.swift */ = {isa = PBXFileReference; lastKnownFileType = sourcecode.swift; path = ConversationListItem.swift; sourceTree = "<group>"; };
		2E5460972AE250FE00040149 /* UserSession.swift */ = {isa = PBXFileReference; lastKnownFileType = sourcecode.swift; path = UserSession.swift; sourceTree = "<group>"; };
		2E5460992AE2538500040149 /* LottaLogoView.swift */ = {isa = PBXFileReference; lastKnownFileType = sourcecode.swift; path = LottaLogoView.swift; sourceTree = "<group>"; };
		2E54609B2AE254E100040149 /* TenantRootView.swift */ = {isa = PBXFileReference; lastKnownFileType = sourcecode.swift; path = TenantRootView.swift; sourceTree = "<group>"; };
		2E54609D2AEE5AC800040149 /* ConversationView.swift */ = {isa = PBXFileReference; lastKnownFileType = sourcecode.swift; path = ConversationView.swift; sourceTree = "<group>"; };
		2E54609F2AEF162D00040149 /* RouterData.swift */ = {isa = PBXFileReference; lastKnownFileType = sourcecode.swift; path = RouterData.swift; sourceTree = "<group>"; };
		2E5460A12AF123D000040149 /* MessageBubbleFileRow.swift */ = {isa = PBXFileReference; lastKnownFileType = sourcecode.swift; path = MessageBubbleFileRow.swift; sourceTree = "<group>"; };
		2E6A39D32ACC4EFA0003F447 /* PushNotificationService.swift */ = {isa = PBXFileReference; lastKnownFileType = sourcecode.swift; path = PushNotificationService.swift; sourceTree = "<group>"; };
		2E6B04C02ACB47AE00A10052 /* AuthorizationInterceptor.swift */ = {isa = PBXFileReference; lastKnownFileType = sourcecode.swift; path = AuthorizationInterceptor.swift; sourceTree = "<group>"; };
		2E6B04C22ACB494900A10052 /* NetworkInterceptorProvider.swift */ = {isa = PBXFileReference; lastKnownFileType = sourcecode.swift; path = NetworkInterceptorProvider.swift; sourceTree = "<group>"; };
		2E6B04C72ACB55F300A10052 /* RefreshTokenInterceptor.swift */ = {isa = PBXFileReference; lastKnownFileType = sourcecode.swift; path = RefreshTokenInterceptor.swift; sourceTree = "<group>"; };
		2E98A7F82ABCD49D000BB6CF /* UserAvatar.swift */ = {isa = PBXFileReference; lastKnownFileType = sourcecode.swift; path = UserAvatar.swift; sourceTree = "<group>"; };
		2E98A7FB2ABCE079000BB6CF /* User.swift */ = {isa = PBXFileReference; lastKnownFileType = sourcecode.swift; path = User.swift; sourceTree = "<group>"; };
		2E9B01AB2B11AA52005508B3 /* RemoveNullsFromDict.swift */ = {isa = PBXFileReference; lastKnownFileType = sourcecode.swift; path = RemoveNullsFromDict.swift; sourceTree = "<group>"; };
		2E9B01AD2B11F627005508B3 /* ConversationUtil.swift */ = {isa = PBXFileReference; lastKnownFileType = sourcecode.swift; path = ConversationUtil.swift; sourceTree = "<group>"; };
		2E9B01AF2B11F7E9005508B3 /* UserUtil.swift */ = {isa = PBXFileReference; lastKnownFileType = sourcecode.swift; path = UserUtil.swift; sourceTree = "<group>"; };
		2E9FBD522B2CC83E00D55706 /* LaunchScreen.storyboard */ = {isa = PBXFileReference; lastKnownFileType = file.storyboard; path = LaunchScreen.storyboard; sourceTree = "<group>"; };
		2EA434302B094622000D8666 /* CreateConversationView.swift */ = {isa = PBXFileReference; lastKnownFileType = sourcecode.swift; path = CreateConversationView.swift; sourceTree = "<group>"; };
		2EA434322B096CBF000D8666 /* NewMessageDestination.swift */ = {isa = PBXFileReference; lastKnownFileType = sourcecode.swift; path = NewMessageDestination.swift; sourceTree = "<group>"; };
		2EA434342B096DF7000D8666 /* NewConversationView.swift */ = {isa = PBXFileReference; lastKnownFileType = sourcecode.swift; path = NewConversationView.swift; sourceTree = "<group>"; };
		2EA434362B0BB11A000D8666 /* SearchUserList.swift */ = {isa = PBXFileReference; lastKnownFileType = sourcecode.swift; path = SearchUserList.swift; sourceTree = "<group>"; };
		2EBAC93B2ACB9D1D0062B12B /* AppDelegate.swift */ = {isa = PBXFileReference; lastKnownFileType = sourcecode.swift; path = AppDelegate.swift; sourceTree = "<group>"; };
		2EBAC93D2ACC42700062B12B /* lotta.entitlements */ = {isa = PBXFileReference; lastKnownFileType = text.plist.entitlements; path = lotta.entitlements; sourceTree = "<group>"; };
		2EBAC93E2ACC44AF0062B12B /* Info.plist */ = {isa = PBXFileReference; lastKnownFileType = text.plist; path = Info.plist; sourceTree = "<group>"; };
/* End PBXFileReference section */

/* Begin PBXFrameworksBuildPhase section */
		2E0268652AB88F4500C18681 /* Frameworks */ = {
			isa = PBXFrameworksBuildPhase;
			buildActionMask = 2147483647;
			files = (
				2E6B04C62ACB4CA900A10052 /* JWTDecode in Frameworks */,
				2E4191A72ACC5B5800FD0FDA /* ApolloWebSocket in Frameworks */,
				2E4191A32ACC5B5800FD0FDA /* Apollo in Frameworks */,
				2E6B04BE2ACB357900A10052 /* KeychainSwift in Frameworks */,
				2E4191B12ACC946200FD0FDA /* DeviceKit in Frameworks */,
				2E5460A82AF17DAB00040149 /* ApolloSQLite in Frameworks */,
				2E0268A32AB8988400C18681 /* LottaCoreAPI in Frameworks */,
				2E4191A52ACC5B5800FD0FDA /* ApolloAPI in Frameworks */,
				8F771D6F369D4F6AA57B14F7 /* Sentry in Frameworks */,
			);
			runOnlyForDeploymentPostprocessing = 0;
		};
		2E0268772AB88F4600C18681 /* Frameworks */ = {
			isa = PBXFrameworksBuildPhase;
			buildActionMask = 2147483647;
			files = (
				2E31D74A2AF64D0100E369CD /* (null) in Frameworks */,
			);
			runOnlyForDeploymentPostprocessing = 0;
		};
		2E0268812AB88F4600C18681 /* Frameworks */ = {
			isa = PBXFrameworksBuildPhase;
			buildActionMask = 2147483647;
			files = (
				2E31D74B2AF64D0100E369CD /* (null) in Frameworks */,
			);
			runOnlyForDeploymentPostprocessing = 0;
		};
/* End PBXFrameworksBuildPhase section */

/* Begin PBXGroup section */
		2E02685F2AB88F4500C18681 = {
			isa = PBXGroup;
			children = (
				2E9FBD522B2CC83E00D55706 /* LaunchScreen.storyboard */,
				2E02686A2AB88F4500C18681 /* lotta */,
				2E02687D2AB88F4600C18681 /* lottaTests */,
				2E0268872AB88F4600C18681 /* lottaUITests */,
				2E0268692AB88F4500C18681 /* Products */,
			);
			sourceTree = "<group>";
		};
		2E0268692AB88F4500C18681 /* Products */ = {
			isa = PBXGroup;
			children = (
				2E0268682AB88F4500C18681 /* lotta.app */,
				2E02687A2AB88F4600C18681 /* lottaTests.xctest */,
				2E0268842AB88F4600C18681 /* lottaUITests.xctest */,
			);
			name = Products;
			sourceTree = "<group>";
		};
		2E02686A2AB88F4500C18681 /* lotta */ = {
			isa = PBXGroup;
			children = (
				2E4191A82ACC620700FD0FDA /* extension */,
				2E6A39D22ACC4E830003F447 /* service */,
				2EBAC93E2ACC44AF0062B12B /* Info.plist */,
				2EBAC93D2ACC42700062B12B /* lotta.entitlements */,
				2EBAC93A2ACB9D0F0062B12B /* group */,
				2E6B04BF2ACB477E00A10052 /* api */,
				2E0268A62AB900E400C18681 /* model */,
				2E98A7FA2ABCD501000BB6CF /* component */,
				2E0268AB2AB903AE00C18681 /* view */,
				2E02686B2AB88F4500C18681 /* lottaApp.swift */,
				2E0268712AB88F4600C18681 /* Assets.xcassets */,
				2E0268732AB88F4600C18681 /* Preview Content */,
				2E9B01AA2B11AA37005508B3 /* util */,
				2E12B4002ABE532500555B9D /* AuthInfo.swift */,
				2E0268AE2AB90A2400C18681 /* ModelData.swift */,
				2E5460972AE250FE00040149 /* UserSession.swift */,
				2E31D7482AF5627A00E369CD /* PersistedUserSession.swift */,
				2E54609F2AEF162D00040149 /* RouterData.swift */,
			);
			path = lotta;
			sourceTree = "<group>";
		};
		2E0268732AB88F4600C18681 /* Preview Content */ = {
			isa = PBXGroup;
			children = (
				2E0268742AB88F4600C18681 /* Preview Assets.xcassets */,
			);
			path = "Preview Content";
			sourceTree = "<group>";
		};
		2E02687D2AB88F4600C18681 /* lottaTests */ = {
			isa = PBXGroup;
			children = (
				2E02687E2AB88F4600C18681 /* lottaTests.swift */,
			);
			path = lottaTests;
			sourceTree = "<group>";
		};
		2E0268872AB88F4600C18681 /* lottaUITests */ = {
			isa = PBXGroup;
			children = (
				2E0268882AB88F4600C18681 /* lottaUITests.swift */,
				2E02688A2AB88F4600C18681 /* lottaUITestsLaunchTests.swift */,
			);
			path = lottaUITests;
			sourceTree = "<group>";
		};
		2E0268A62AB900E400C18681 /* model */ = {
			isa = PBXGroup;
			children = (
				2E12B3EC2ABDE11600555B9D /* Group.swift */,
				2E12B3EA2ABDE05700555B9D /* LottaFile.swift */,
				2E0268A42AB900DC00C18681 /* Tenant.swift */,
				2E98A7FB2ABCE079000BB6CF /* User.swift */,
				2E2D829F2AC743B800CC3E1F /* Theme.swift */,
				2E31D7462AF5343800E369CD /* ThemeColor.swift */,
				2EA434322B096CBF000D8666 /* NewMessageDestination.swift */,
			);
			path = model;
			sourceTree = "<group>";
		};
		2E0268AB2AB903AE00C18681 /* view */ = {
			isa = PBXGroup;
			children = (
				2EA4342F2B094608000D8666 /* CreateConversation */,
				2EF1825A2AD173D9000ECE00 /* Login */,
				2E3952F12AC3465D0013465C /* Profile */,
				2E3952F02AC3464E0013465C /* Messaging */,
				2E12B3FA2ABE13AC00555B9D /* RootView.swift */,
				2E54609B2AE254E100040149 /* TenantRootView.swift */,
				2E12B3FC2ABE160500555B9D /* SelectTenantView.swift */,
				2E3952F22AC346810013465C /* MainView.swift */,
				2E5460992AE2538500040149 /* LottaLogoView.swift */,
			);
			path = view;
			sourceTree = "<group>";
		};
		2E3952F02AC3464E0013465C /* Messaging */ = {
			isa = PBXGroup;
			children = (
				2E12B3E62ABDA5DB00555B9D /* ConversationsList.swift */,
				2E54609D2AEE5AC800040149 /* ConversationView.swift */,
				2EA434342B096DF7000D8666 /* NewConversationView.swift */,
				2E4C2E8C2ABEC6C800F846E9 /* ConversationListItem.swift */,
				2E12B3F82ABDF74200555B9D /* MessageInputView.swift */,
				2E12B3F42ABDF4F900555B9D /* MessageRow.swift */,
				2E02686D2AB88F4500C18681 /* MessagingView.swift */,
			);
			path = Messaging;
			sourceTree = "<group>";
		};
		2E3952F12AC3465D0013465C /* Profile */ = {
			isa = PBXGroup;
			children = (
				2E12B3FE2ABE519D00555B9D /* ProfileView.swift */,
			);
			path = Profile;
			sourceTree = "<group>";
		};
		2E4191A82ACC620700FD0FDA /* extension */ = {
			isa = PBXGroup;
			children = (
				2E4191A92ACC621F00FD0FDA /* Data+hexString.swift */,
				2E3C5E1D2B257A7A00B74BD0 /* String+toDate.swift */,
			);
			path = extension;
			sourceTree = "<group>";
		};
		2E6A39D22ACC4E830003F447 /* service */ = {
			isa = PBXGroup;
			children = (
				2E6A39D32ACC4EFA0003F447 /* PushNotificationService.swift */,
				2E4191AB2ACC913000FD0FDA /* DeviceIdentificationService.swift */,
			);
			path = service;
			sourceTree = "<group>";
		};
		2E6B04BF2ACB477E00A10052 /* api */ = {
			isa = PBXGroup;
			children = (
				2E02689A2AB8936300C18681 /* CoreApi.swift */,
				2E6B04C02ACB47AE00A10052 /* AuthorizationInterceptor.swift */,
				2E6B04C22ACB494900A10052 /* NetworkInterceptorProvider.swift */,
				2E6B04C72ACB55F300A10052 /* RefreshTokenInterceptor.swift */,
			);
			path = api;
			sourceTree = "<group>";
		};
		2E98A7FA2ABCD501000BB6CF /* component */ = {
			isa = PBXGroup;
			children = (
				2E98A7F82ABCD49D000BB6CF /* UserAvatar.swift */,
				2E12B3EE2ABDE6A100555B9D /* Avatar.swift */,
				2E02689C2AB8942600C18681 /* CreateLoginSession.swift */,
				2E12B3F62ABDF56D00555B9D /* MessageBubble.swift */,
				2E5460A12AF123D000040149 /* MessageBubbleFileRow.swift */,
				2E2D82A12AC7551F00CC3E1F /* LottaButton.swift */,
				2E12B3F02ABDEBF000555B9D /* MessageList.swift */,
				2EA434362B0BB11A000D8666 /* SearchUserList.swift */,
				2E0BAFD92B7FA233009C891B /* UserSessionListItem.swift */,
			);
			path = component;
			sourceTree = "<group>";
		};
		2E9B01AA2B11AA37005508B3 /* util */ = {
			isa = PBXGroup;
			children = (
				2E9B01AB2B11AA52005508B3 /* RemoveNullsFromDict.swift */,
				2E9B01AD2B11F627005508B3 /* ConversationUtil.swift */,
				2E9B01AF2B11F7E9005508B3 /* UserUtil.swift */,
			);
			path = util;
			sourceTree = "<group>";
		};
		2EA4342F2B094608000D8666 /* CreateConversation */ = {
			isa = PBXGroup;
			children = (
				2EA434302B094622000D8666 /* CreateConversationView.swift */,
			);
			path = CreateConversation;
			sourceTree = "<group>";
		};
		2EBAC93A2ACB9D0F0062B12B /* group */ = {
			isa = PBXGroup;
			children = (
				2EBAC93B2ACB9D1D0062B12B /* AppDelegate.swift */,
			);
			path = group;
			sourceTree = "<group>";
		};
		2EF1825A2AD173D9000ECE00 /* Login */ = {
			isa = PBXGroup;
			children = (
			);
			path = Login;
			sourceTree = "<group>";
		};
/* End PBXGroup section */

/* Begin PBXNativeTarget section */
		2E0268672AB88F4500C18681 /* lotta */ = {
			isa = PBXNativeTarget;
			buildConfigurationList = 2E02688E2AB88F4600C18681 /* Build configuration list for PBXNativeTarget "lotta" */;
			buildPhases = (
				2E0268642AB88F4500C18681 /* Sources */,
				2E0268652AB88F4500C18681 /* Frameworks */,
				2E0268662AB88F4500C18681 /* Resources */,
				029126A4BF6D48E790C22320 /* Upload Debug Symbols to Sentry */,
			);
			buildRules = (
			);
			dependencies = (
			);
			name = lotta;
			packageProductDependencies = (
				2E0268A22AB8988400C18681 /* LottaCoreAPI */,
				2E6B04BD2ACB357900A10052 /* KeychainSwift */,
				2E6B04C52ACB4CA900A10052 /* JWTDecode */,
				2E4191A22ACC5B5800FD0FDA /* Apollo */,
				2E4191A42ACC5B5800FD0FDA /* ApolloAPI */,
				2E4191A62ACC5B5800FD0FDA /* ApolloWebSocket */,
				2E4191B02ACC946200FD0FDA /* DeviceKit */,
				2E5460A72AF17DAB00040149 /* ApolloSQLite */,
				5A360A425FE94FBE9718F5EF /* Sentry */,
			);
			productName = lotta;
			productReference = 2E0268682AB88F4500C18681 /* lotta.app */;
			productType = "com.apple.product-type.application";
		};
		2E0268792AB88F4600C18681 /* lottaTests */ = {
			isa = PBXNativeTarget;
			buildConfigurationList = 2E0268912AB88F4600C18681 /* Build configuration list for PBXNativeTarget "lottaTests" */;
			buildPhases = (
				2E0268762AB88F4600C18681 /* Sources */,
				2E0268772AB88F4600C18681 /* Frameworks */,
				2E0268782AB88F4600C18681 /* Resources */,
			);
			buildRules = (
			);
			dependencies = (
				2E02687C2AB88F4600C18681 /* PBXTargetDependency */,
			);
			name = lottaTests;
			productName = lottaTests;
			productReference = 2E02687A2AB88F4600C18681 /* lottaTests.xctest */;
			productType = "com.apple.product-type.bundle.unit-test";
		};
		2E0268832AB88F4600C18681 /* lottaUITests */ = {
			isa = PBXNativeTarget;
			buildConfigurationList = 2E0268942AB88F4600C18681 /* Build configuration list for PBXNativeTarget "lottaUITests" */;
			buildPhases = (
				2E0268802AB88F4600C18681 /* Sources */,
				2E0268812AB88F4600C18681 /* Frameworks */,
				2E0268822AB88F4600C18681 /* Resources */,
			);
			buildRules = (
			);
			dependencies = (
				2E0268862AB88F4600C18681 /* PBXTargetDependency */,
			);
			name = lottaUITests;
			productName = lottaUITests;
			productReference = 2E0268842AB88F4600C18681 /* lottaUITests.xctest */;
			productType = "com.apple.product-type.bundle.ui-testing";
		};
/* End PBXNativeTarget section */

/* Begin PBXProject section */
		2E0268602AB88F4500C18681 /* Project object */ = {
			isa = PBXProject;
			attributes = {
				BuildIndependentTargetsInParallel = 1;
				LastSwiftUpdateCheck = 1500;
				LastUpgradeCheck = 1500;
				TargetAttributes = {
					2E0268672AB88F4500C18681 = {
						CreatedOnToolsVersion = 15.0;
					};
					2E0268792AB88F4600C18681 = {
						CreatedOnToolsVersion = 15.0;
						TestTargetID = 2E0268672AB88F4500C18681;
					};
					2E0268832AB88F4600C18681 = {
						CreatedOnToolsVersion = 15.0;
						TestTargetID = 2E0268672AB88F4500C18681;
					};
				};
			};
			buildConfigurationList = 2E0268632AB88F4500C18681 /* Build configuration list for PBXProject "lotta" */;
			compatibilityVersion = "Xcode 14.0";
			developmentRegion = en;
			hasScannedForEncodings = 0;
			knownRegions = (
				en,
				Base,
			);
			mainGroup = 2E02685F2AB88F4500C18681;
			packageReferences = (
				2E0268A12AB8988400C18681 /* XCLocalSwiftPackageReference "lottaCoreAPI" */,
				2E6B04BC2ACB357900A10052 /* XCRemoteSwiftPackageReference "keychain-swift" */,
				2E6B04C42ACB4CA900A10052 /* XCRemoteSwiftPackageReference "JWTDecode" */,
				2E4191A12ACC5B5800FD0FDA /* XCRemoteSwiftPackageReference "apollo-ios" */,
				2E4191AF2ACC946200FD0FDA /* XCRemoteSwiftPackageReference "DeviceKit" */,
				0CC4D2DE368B48D09B8A24DD /* XCRemoteSwiftPackageReference "sentry-cocoa" */,
			);
			productRefGroup = 2E0268692AB88F4500C18681 /* Products */;
			projectDirPath = "";
			projectRoot = "";
			targets = (
				2E0268672AB88F4500C18681 /* lotta */,
				2E0268792AB88F4600C18681 /* lottaTests */,
				2E0268832AB88F4600C18681 /* lottaUITests */,
			);
		};
/* End PBXProject section */

/* Begin PBXResourcesBuildPhase section */
		2E0268662AB88F4500C18681 /* Resources */ = {
			isa = PBXResourcesBuildPhase;
			buildActionMask = 2147483647;
			files = (
				2E9FBD532B2CC83E00D55706 /* LaunchScreen.storyboard in Resources */,
				2E0268752AB88F4600C18681 /* Preview Assets.xcassets in Resources */,
				2E0268722AB88F4600C18681 /* Assets.xcassets in Resources */,
			);
			runOnlyForDeploymentPostprocessing = 0;
		};
		2E0268782AB88F4600C18681 /* Resources */ = {
			isa = PBXResourcesBuildPhase;
			buildActionMask = 2147483647;
			files = (
			);
			runOnlyForDeploymentPostprocessing = 0;
		};
		2E0268822AB88F4600C18681 /* Resources */ = {
			isa = PBXResourcesBuildPhase;
			buildActionMask = 2147483647;
			files = (
			);
			runOnlyForDeploymentPostprocessing = 0;
		};
/* End PBXResourcesBuildPhase section */

/* Begin PBXShellScriptBuildPhase section */
		029126A4BF6D48E790C22320 /* Upload Debug Symbols to Sentry */ = {
			isa = PBXShellScriptBuildPhase;
			buildActionMask = 2147483647;
			files = (
			);
			inputPaths = (
				"${DWARF_DSYM_FOLDER_PATH}/${DWARF_DSYM_FILE_NAME}/Contents/Resources/DWARF/${TARGET_NAME}",
			);
			name = "Upload Debug Symbols to Sentry";
			outputPaths = (
			);
			runOnlyForDeploymentPostprocessing = 0;
			shellPath = /bin/sh;
			shellScript = "# This script is responsable to upload debug symbols and source context for Sentry.\nif which sentry-cli >/dev/null; then\nexport SENTRY_ORG=lotta\nexport SENTRY_PROJECT=lotta-ios\nERROR=$(sentry-cli debug-files upload --include-sources \"$DWARF_DSYM_FOLDER_PATH\" 2>&1 >/dev/null)\nif [ ! $? -eq 0 ]; then\necho \"warning: sentry-cli - $ERROR\"\nfi\nelse\necho \"warning: sentry-cli not installed, download from https://github.com/getsentry/sentry-cli/releases\"\nfi\n";
		};
/* End PBXShellScriptBuildPhase section */

/* Begin PBXSourcesBuildPhase section */
		2E0268642AB88F4500C18681 /* Sources */ = {
			isa = PBXSourcesBuildPhase;
			buildActionMask = 2147483647;
			files = (
				2E9B01AE2B11F627005508B3 /* ConversationUtil.swift in Sources */,
				2E9B01AC2B11AA52005508B3 /* RemoveNullsFromDict.swift in Sources */,
				2E0BAFDA2B7FA233009C891B /* UserSessionListItem.swift in Sources */,
				2E6A39D42ACC4EFA0003F447 /* PushNotificationService.swift in Sources */,
				2E02686E2AB88F4500C18681 /* MessagingView.swift in Sources */,
				2E3C5E1E2B257A7A00B74BD0 /* String+toDate.swift in Sources */,
				2E3952F32AC346810013465C /* MainView.swift in Sources */,
				2EA434312B094622000D8666 /* CreateConversationView.swift in Sources */,
				2E4191AC2ACC913000FD0FDA /* DeviceIdentificationService.swift in Sources */,
				2E12B3E72ABDA5DB00555B9D /* ConversationsList.swift in Sources */,
				2E4C2E8D2ABEC6C800F846E9 /* ConversationListItem.swift in Sources */,
				2E12B4012ABE532500555B9D /* AuthInfo.swift in Sources */,
				2E12B3FD2ABE160500555B9D /* SelectTenantView.swift in Sources */,
				2E5460A22AF123D000040149 /* MessageBubbleFileRow.swift in Sources */,
				2E0268AF2AB90A2400C18681 /* ModelData.swift in Sources */,
				2E6B04C32ACB494900A10052 /* NetworkInterceptorProvider.swift in Sources */,
				2E31D7492AF5627A00E369CD /* PersistedUserSession.swift in Sources */,
				2E12B3EF2ABDE6A100555B9D /* Avatar.swift in Sources */,
				2E12B3F52ABDF4F900555B9D /* MessageRow.swift in Sources */,
				2E02686C2AB88F4500C18681 /* lottaApp.swift in Sources */,
				2E5460A02AEF162D00040149 /* RouterData.swift in Sources */,
				2EA434332B096CBF000D8666 /* NewMessageDestination.swift in Sources */,
				2E2D82A22AC7551F00CC3E1F /* LottaButton.swift in Sources */,
				2E9B01B02B11F7E9005508B3 /* UserUtil.swift in Sources */,
				2EA434372B0BB11A000D8666 /* SearchUserList.swift in Sources */,
				2E12B3ED2ABDE11600555B9D /* Group.swift in Sources */,
				2E54609C2AE254E100040149 /* TenantRootView.swift in Sources */,
				2E2D82A02AC743B800CC3E1F /* Theme.swift in Sources */,
				2E4191AA2ACC621F00FD0FDA /* Data+hexString.swift in Sources */,
				2E12B3EB2ABDE05700555B9D /* LottaFile.swift in Sources */,
				2E12B3F92ABDF74200555B9D /* MessageInputView.swift in Sources */,
				2E54609E2AEE5AC800040149 /* ConversationView.swift in Sources */,
				2E0268A52AB900DC00C18681 /* Tenant.swift in Sources */,
				2E54609A2AE2538500040149 /* LottaLogoView.swift in Sources */,
				2EBAC93C2ACB9D1D0062B12B /* AppDelegate.swift in Sources */,
				2E98A7FC2ABCE079000BB6CF /* User.swift in Sources */,
				2E12B3FB2ABE13AC00555B9D /* RootView.swift in Sources */,
				2E31D7472AF5343800E369CD /* ThemeColor.swift in Sources */,
				2E02689D2AB8942600C18681 /* CreateLoginSession.swift in Sources */,
				2E5460982AE250FE00040149 /* UserSession.swift in Sources */,
				2E12B3F72ABDF56D00555B9D /* MessageBubble.swift in Sources */,
				2EA434352B096DF7000D8666 /* NewConversationView.swift in Sources */,
				2E02689B2AB8936300C18681 /* CoreApi.swift in Sources */,
				2E12B3F12ABDEBF000555B9D /* MessageList.swift in Sources */,
				2E6B04C82ACB55F300A10052 /* RefreshTokenInterceptor.swift in Sources */,
				2E6B04C12ACB47AE00A10052 /* AuthorizationInterceptor.swift in Sources */,
				2E12B3FF2ABE519D00555B9D /* ProfileView.swift in Sources */,
				2E98A7F92ABCD49D000BB6CF /* UserAvatar.swift in Sources */,
			);
			runOnlyForDeploymentPostprocessing = 0;
		};
		2E0268762AB88F4600C18681 /* Sources */ = {
			isa = PBXSourcesBuildPhase;
			buildActionMask = 2147483647;
			files = (
				2E02687F2AB88F4600C18681 /* lottaTests.swift in Sources */,
			);
			runOnlyForDeploymentPostprocessing = 0;
		};
		2E0268802AB88F4600C18681 /* Sources */ = {
			isa = PBXSourcesBuildPhase;
			buildActionMask = 2147483647;
			files = (
				2E0268892AB88F4600C18681 /* lottaUITests.swift in Sources */,
				2E02688B2AB88F4600C18681 /* lottaUITestsLaunchTests.swift in Sources */,
			);
			runOnlyForDeploymentPostprocessing = 0;
		};
/* End PBXSourcesBuildPhase section */

/* Begin PBXTargetDependency section */
		2E02687C2AB88F4600C18681 /* PBXTargetDependency */ = {
			isa = PBXTargetDependency;
			target = 2E0268672AB88F4500C18681 /* lotta */;
			targetProxy = 2E02687B2AB88F4600C18681 /* PBXContainerItemProxy */;
		};
		2E0268862AB88F4600C18681 /* PBXTargetDependency */ = {
			isa = PBXTargetDependency;
			target = 2E0268672AB88F4500C18681 /* lotta */;
			targetProxy = 2E0268852AB88F4600C18681 /* PBXContainerItemProxy */;
		};
/* End PBXTargetDependency section */

/* Begin XCBuildConfiguration section */
		2E02688C2AB88F4600C18681 /* Debug */ = {
			isa = XCBuildConfiguration;
			buildSettings = {
				ALWAYS_SEARCH_USER_PATHS = NO;
				ASSETCATALOG_COMPILER_GENERATE_SWIFT_ASSET_SYMBOL_EXTENSIONS = YES;
				CLANG_ANALYZER_NONNULL = YES;
				CLANG_ANALYZER_NUMBER_OBJECT_CONVERSION = YES_AGGRESSIVE;
				CLANG_CXX_LANGUAGE_STANDARD = "gnu++20";
				CLANG_ENABLE_MODULES = YES;
				CLANG_ENABLE_OBJC_ARC = YES;
				CLANG_ENABLE_OBJC_WEAK = YES;
				CLANG_WARN_BLOCK_CAPTURE_AUTORELEASING = YES;
				CLANG_WARN_BOOL_CONVERSION = YES;
				CLANG_WARN_COMMA = YES;
				CLANG_WARN_CONSTANT_CONVERSION = YES;
				CLANG_WARN_DEPRECATED_OBJC_IMPLEMENTATIONS = YES;
				CLANG_WARN_DIRECT_OBJC_ISA_USAGE = YES_ERROR;
				CLANG_WARN_DOCUMENTATION_COMMENTS = YES;
				CLANG_WARN_EMPTY_BODY = YES;
				CLANG_WARN_ENUM_CONVERSION = YES;
				CLANG_WARN_INFINITE_RECURSION = YES;
				CLANG_WARN_INT_CONVERSION = YES;
				CLANG_WARN_NON_LITERAL_NULL_CONVERSION = YES;
				CLANG_WARN_OBJC_IMPLICIT_RETAIN_SELF = YES;
				CLANG_WARN_OBJC_LITERAL_CONVERSION = YES;
				CLANG_WARN_OBJC_ROOT_CLASS = YES_ERROR;
				CLANG_WARN_QUOTED_INCLUDE_IN_FRAMEWORK_HEADER = YES;
				CLANG_WARN_RANGE_LOOP_ANALYSIS = YES;
				CLANG_WARN_STRICT_PROTOTYPES = YES;
				CLANG_WARN_SUSPICIOUS_MOVE = YES;
				CLANG_WARN_UNGUARDED_AVAILABILITY = YES_AGGRESSIVE;
				CLANG_WARN_UNREACHABLE_CODE = YES;
				CLANG_WARN__DUPLICATE_METHOD_MATCH = YES;
				COPY_PHASE_STRIP = NO;
				DEBUG_INFORMATION_FORMAT = dwarf;
				ENABLE_STRICT_OBJC_MSGSEND = YES;
				ENABLE_TESTABILITY = YES;
				ENABLE_USER_SCRIPT_SANDBOXING = YES;
				GCC_C_LANGUAGE_STANDARD = gnu17;
				GCC_DYNAMIC_NO_PIC = NO;
				GCC_NO_COMMON_BLOCKS = YES;
				GCC_OPTIMIZATION_LEVEL = 0;
				GCC_PREPROCESSOR_DEFINITIONS = (
					"DEBUG=1",
					"$(inherited)",
				);
				GCC_WARN_64_TO_32_BIT_CONVERSION = YES;
				GCC_WARN_ABOUT_RETURN_TYPE = YES_ERROR;
				GCC_WARN_UNDECLARED_SELECTOR = YES;
				GCC_WARN_UNINITIALIZED_AUTOS = YES_AGGRESSIVE;
				GCC_WARN_UNUSED_FUNCTION = YES;
				GCC_WARN_UNUSED_VARIABLE = YES;
				IPHONEOS_DEPLOYMENT_TARGET = 17.0;
				LOCALIZATION_PREFERS_STRING_CATALOGS = YES;
				MTL_ENABLE_DEBUG_INFO = INCLUDE_SOURCE;
				MTL_FAST_MATH = YES;
				ONLY_ACTIVE_ARCH = YES;
				SDKROOT = iphoneos;
				SWIFT_ACTIVE_COMPILATION_CONDITIONS = "DEBUG $(inherited)";
				SWIFT_OPTIMIZATION_LEVEL = "-Onone";
			};
			name = Debug;
		};
		2E02688D2AB88F4600C18681 /* Release */ = {
			isa = XCBuildConfiguration;
			buildSettings = {
				ALWAYS_SEARCH_USER_PATHS = NO;
				ASSETCATALOG_COMPILER_GENERATE_SWIFT_ASSET_SYMBOL_EXTENSIONS = YES;
				CLANG_ANALYZER_NONNULL = YES;
				CLANG_ANALYZER_NUMBER_OBJECT_CONVERSION = YES_AGGRESSIVE;
				CLANG_CXX_LANGUAGE_STANDARD = "gnu++20";
				CLANG_ENABLE_MODULES = YES;
				CLANG_ENABLE_OBJC_ARC = YES;
				CLANG_ENABLE_OBJC_WEAK = YES;
				CLANG_WARN_BLOCK_CAPTURE_AUTORELEASING = YES;
				CLANG_WARN_BOOL_CONVERSION = YES;
				CLANG_WARN_COMMA = YES;
				CLANG_WARN_CONSTANT_CONVERSION = YES;
				CLANG_WARN_DEPRECATED_OBJC_IMPLEMENTATIONS = YES;
				CLANG_WARN_DIRECT_OBJC_ISA_USAGE = YES_ERROR;
				CLANG_WARN_DOCUMENTATION_COMMENTS = YES;
				CLANG_WARN_EMPTY_BODY = YES;
				CLANG_WARN_ENUM_CONVERSION = YES;
				CLANG_WARN_INFINITE_RECURSION = YES;
				CLANG_WARN_INT_CONVERSION = YES;
				CLANG_WARN_NON_LITERAL_NULL_CONVERSION = YES;
				CLANG_WARN_OBJC_IMPLICIT_RETAIN_SELF = YES;
				CLANG_WARN_OBJC_LITERAL_CONVERSION = YES;
				CLANG_WARN_OBJC_ROOT_CLASS = YES_ERROR;
				CLANG_WARN_QUOTED_INCLUDE_IN_FRAMEWORK_HEADER = YES;
				CLANG_WARN_RANGE_LOOP_ANALYSIS = YES;
				CLANG_WARN_STRICT_PROTOTYPES = YES;
				CLANG_WARN_SUSPICIOUS_MOVE = YES;
				CLANG_WARN_UNGUARDED_AVAILABILITY = YES_AGGRESSIVE;
				CLANG_WARN_UNREACHABLE_CODE = YES;
				CLANG_WARN__DUPLICATE_METHOD_MATCH = YES;
				COPY_PHASE_STRIP = NO;
				DEBUG_INFORMATION_FORMAT = "dwarf-with-dsym";
				ENABLE_NS_ASSERTIONS = NO;
				ENABLE_STRICT_OBJC_MSGSEND = YES;
				ENABLE_USER_SCRIPT_SANDBOXING = YES;
				GCC_C_LANGUAGE_STANDARD = gnu17;
				GCC_NO_COMMON_BLOCKS = YES;
				GCC_WARN_64_TO_32_BIT_CONVERSION = YES;
				GCC_WARN_ABOUT_RETURN_TYPE = YES_ERROR;
				GCC_WARN_UNDECLARED_SELECTOR = YES;
				GCC_WARN_UNINITIALIZED_AUTOS = YES_AGGRESSIVE;
				GCC_WARN_UNUSED_FUNCTION = YES;
				GCC_WARN_UNUSED_VARIABLE = YES;
				IPHONEOS_DEPLOYMENT_TARGET = 17.0;
				LOCALIZATION_PREFERS_STRING_CATALOGS = YES;
				MTL_ENABLE_DEBUG_INFO = NO;
				MTL_FAST_MATH = YES;
				SDKROOT = iphoneos;
				SWIFT_COMPILATION_MODE = wholemodule;
				VALIDATE_PRODUCT = YES;
			};
			name = Release;
		};
		2E02688F2AB88F4600C18681 /* Debug */ = {
			isa = XCBuildConfiguration;
			buildSettings = {
				ASSETCATALOG_COMPILER_APPICON_NAME = AppIcon;
				ASSETCATALOG_COMPILER_GLOBAL_ACCENT_COLOR_NAME = AccentColor;
				CODE_SIGN_ENTITLEMENTS = lotta/lotta.entitlements;
				CODE_SIGN_STYLE = Automatic;
				CURRENT_PROJECT_VERSION = 11;
				DEBUG_INFORMATION_FORMAT = "dwarf-with-dsym";
				DEVELOPMENT_ASSET_PATHS = "\"lotta/Preview Content\"";
				DEVELOPMENT_TEAM = VHQ44CA7A4;
				ENABLE_PREVIEWS = YES;
				GENERATE_INFOPLIST_FILE = YES;
				INFOPLIST_FILE = lotta/Info.plist;
				INFOPLIST_KEY_LSApplicationCategoryType = "public.app-category.social-networking";
				INFOPLIST_KEY_UIApplicationSupportsIndirectInputEvents = YES;
				INFOPLIST_KEY_UILaunchStoryboardName = LaunchScreen.storyboard;
				INFOPLIST_KEY_UISupportedInterfaceOrientations = UIInterfaceOrientationPortrait;
				INFOPLIST_KEY_UISupportedInterfaceOrientations_iPad = "UIInterfaceOrientationLandscapeLeft UIInterfaceOrientationLandscapeRight UIInterfaceOrientationPortrait UIInterfaceOrientationPortraitUpsideDown";
				IPHONEOS_DEPLOYMENT_TARGET = 17.0;
				LD_RUNPATH_SEARCH_PATHS = (
					"$(inherited)",
					"@executable_path/Frameworks",
				);
				MARKETING_VERSION = 1.1;
				PRODUCT_BUNDLE_IDENTIFIER = net.einsa.lotta;
				PRODUCT_NAME = "$(TARGET_NAME)";
				SWIFT_EMIT_LOC_STRINGS = YES;
				SWIFT_VERSION = 5.0;
				TARGETED_DEVICE_FAMILY = "1,2";
			};
			name = Debug;
		};
		2E0268902AB88F4600C18681 /* Release */ = {
			isa = XCBuildConfiguration;
			buildSettings = {
				ASSETCATALOG_COMPILER_APPICON_NAME = AppIcon;
				ASSETCATALOG_COMPILER_GLOBAL_ACCENT_COLOR_NAME = AccentColor;
				CODE_SIGN_ENTITLEMENTS = lotta/lotta.entitlements;
				CODE_SIGN_STYLE = Automatic;
				CURRENT_PROJECT_VERSION = 11;
				DEBUG_INFORMATION_FORMAT = "dwarf-with-dsym";
				DEVELOPMENT_ASSET_PATHS = "\"lotta/Preview Content\"";
				DEVELOPMENT_TEAM = VHQ44CA7A4;
				ENABLE_PREVIEWS = YES;
				GENERATE_INFOPLIST_FILE = YES;
				INFOPLIST_FILE = lotta/Info.plist;
				INFOPLIST_KEY_LSApplicationCategoryType = "public.app-category.social-networking";
				INFOPLIST_KEY_UIApplicationSupportsIndirectInputEvents = YES;
				INFOPLIST_KEY_UILaunchStoryboardName = LaunchScreen.storyboard;
				INFOPLIST_KEY_UISupportedInterfaceOrientations = UIInterfaceOrientationPortrait;
				INFOPLIST_KEY_UISupportedInterfaceOrientations_iPad = "UIInterfaceOrientationLandscapeLeft UIInterfaceOrientationLandscapeRight UIInterfaceOrientationPortrait UIInterfaceOrientationPortraitUpsideDown";
				IPHONEOS_DEPLOYMENT_TARGET = 17.0;
				LD_RUNPATH_SEARCH_PATHS = (
					"$(inherited)",
					"@executable_path/Frameworks",
				);
				MARKETING_VERSION = 1.1;
				PRODUCT_BUNDLE_IDENTIFIER = net.einsa.lotta;
				PRODUCT_NAME = "$(TARGET_NAME)";
				SWIFT_EMIT_LOC_STRINGS = YES;
				SWIFT_VERSION = 5.0;
				TARGETED_DEVICE_FAMILY = "1,2";
			};
			name = Release;
		};
		2E0268922AB88F4600C18681 /* Debug */ = {
			isa = XCBuildConfiguration;
			buildSettings = {
				ALWAYS_EMBED_SWIFT_STANDARD_LIBRARIES = YES;
				BUNDLE_LOADER = "$(TEST_HOST)";
				CODE_SIGN_STYLE = Automatic;
				CURRENT_PROJECT_VERSION = 1;
				DEVELOPMENT_TEAM = VHQ44CA7A4;
				GENERATE_INFOPLIST_FILE = YES;
				IPHONEOS_DEPLOYMENT_TARGET = 17.0;
				MARKETING_VERSION = 1.0;
				PRODUCT_BUNDLE_IDENTIFIER = com.arinaldoni.lottaTests;
				PRODUCT_NAME = "$(TARGET_NAME)";
				SWIFT_EMIT_LOC_STRINGS = NO;
				SWIFT_VERSION = 5.0;
				TARGETED_DEVICE_FAMILY = "1,2";
				TEST_HOST = "$(BUILT_PRODUCTS_DIR)/lotta.app/$(BUNDLE_EXECUTABLE_FOLDER_PATH)/lotta";
			};
			name = Debug;
		};
		2E0268932AB88F4600C18681 /* Release */ = {
			isa = XCBuildConfiguration;
			buildSettings = {
				ALWAYS_EMBED_SWIFT_STANDARD_LIBRARIES = YES;
				BUNDLE_LOADER = "$(TEST_HOST)";
				CODE_SIGN_STYLE = Automatic;
				CURRENT_PROJECT_VERSION = 1;
				DEVELOPMENT_TEAM = VHQ44CA7A4;
				GENERATE_INFOPLIST_FILE = YES;
				IPHONEOS_DEPLOYMENT_TARGET = 17.0;
				MARKETING_VERSION = 1.0;
				PRODUCT_BUNDLE_IDENTIFIER = com.arinaldoni.lottaTests;
				PRODUCT_NAME = "$(TARGET_NAME)";
				SWIFT_EMIT_LOC_STRINGS = NO;
				SWIFT_VERSION = 5.0;
				TARGETED_DEVICE_FAMILY = "1,2";
				TEST_HOST = "$(BUILT_PRODUCTS_DIR)/lotta.app/$(BUNDLE_EXECUTABLE_FOLDER_PATH)/lotta";
			};
			name = Release;
		};
		2E0268952AB88F4600C18681 /* Debug */ = {
			isa = XCBuildConfiguration;
			buildSettings = {
				ALWAYS_EMBED_SWIFT_STANDARD_LIBRARIES = YES;
				CODE_SIGN_STYLE = Automatic;
				CURRENT_PROJECT_VERSION = 1;
				DEVELOPMENT_TEAM = VHQ44CA7A4;
				GENERATE_INFOPLIST_FILE = YES;
				MARKETING_VERSION = 1.0;
				PRODUCT_BUNDLE_IDENTIFIER = com.arinaldoni.lottaUITests;
				PRODUCT_NAME = "$(TARGET_NAME)";
				SWIFT_EMIT_LOC_STRINGS = NO;
				SWIFT_VERSION = 5.0;
				TARGETED_DEVICE_FAMILY = "1,2";
				TEST_TARGET_NAME = lotta;
			};
			name = Debug;
		};
		2E0268962AB88F4600C18681 /* Release */ = {
			isa = XCBuildConfiguration;
			buildSettings = {
				ALWAYS_EMBED_SWIFT_STANDARD_LIBRARIES = YES;
				CODE_SIGN_STYLE = Automatic;
				CURRENT_PROJECT_VERSION = 1;
				DEVELOPMENT_TEAM = VHQ44CA7A4;
				GENERATE_INFOPLIST_FILE = YES;
				MARKETING_VERSION = 1.0;
				PRODUCT_BUNDLE_IDENTIFIER = com.arinaldoni.lottaUITests;
				PRODUCT_NAME = "$(TARGET_NAME)";
				SWIFT_EMIT_LOC_STRINGS = NO;
				SWIFT_VERSION = 5.0;
				TARGETED_DEVICE_FAMILY = "1,2";
				TEST_TARGET_NAME = lotta;
			};
			name = Release;
		};
/* End XCBuildConfiguration section */

/* Begin XCConfigurationList section */
		2E0268632AB88F4500C18681 /* Build configuration list for PBXProject "lotta" */ = {
			isa = XCConfigurationList;
			buildConfigurations = (
				2E02688C2AB88F4600C18681 /* Debug */,
				2E02688D2AB88F4600C18681 /* Release */,
			);
			defaultConfigurationIsVisible = 0;
			defaultConfigurationName = Release;
		};
		2E02688E2AB88F4600C18681 /* Build configuration list for PBXNativeTarget "lotta" */ = {
			isa = XCConfigurationList;
			buildConfigurations = (
				2E02688F2AB88F4600C18681 /* Debug */,
				2E0268902AB88F4600C18681 /* Release */,
			);
			defaultConfigurationIsVisible = 0;
			defaultConfigurationName = Release;
		};
		2E0268912AB88F4600C18681 /* Build configuration list for PBXNativeTarget "lottaTests" */ = {
			isa = XCConfigurationList;
			buildConfigurations = (
				2E0268922AB88F4600C18681 /* Debug */,
				2E0268932AB88F4600C18681 /* Release */,
			);
			defaultConfigurationIsVisible = 0;
			defaultConfigurationName = Release;
		};
		2E0268942AB88F4600C18681 /* Build configuration list for PBXNativeTarget "lottaUITests" */ = {
			isa = XCConfigurationList;
			buildConfigurations = (
				2E0268952AB88F4600C18681 /* Debug */,
				2E0268962AB88F4600C18681 /* Release */,
			);
			defaultConfigurationIsVisible = 0;
			defaultConfigurationName = Release;
		};
/* End XCConfigurationList section */

/* Begin XCLocalSwiftPackageReference section */
		2E0268A12AB8988400C18681 /* XCLocalSwiftPackageReference "lottaCoreAPI" */ = {
			isa = XCLocalSwiftPackageReference;
			relativePath = lottaCoreAPI;
		};
/* End XCLocalSwiftPackageReference section */

/* Begin XCRemoteSwiftPackageReference section */
		0CC4D2DE368B48D09B8A24DD /* XCRemoteSwiftPackageReference "sentry-cocoa" */ = {
			isa = XCRemoteSwiftPackageReference;
			repositoryURL = "https://github.com/getsentry/sentry-cocoa/";
			requirement = {
				kind = upToNextMajorVersion;
				minimumVersion = 8.0.0;
			};
		};
		2E4191A12ACC5B5800FD0FDA /* XCRemoteSwiftPackageReference "apollo-ios" */ = {
			isa = XCRemoteSwiftPackageReference;
			repositoryURL = "https://github.com/apollographql/apollo-ios.git";
			requirement = {
				kind = upToNextMajorVersion;
				minimumVersion = 1.5.2;
			};
		};
		2E4191AF2ACC946200FD0FDA /* XCRemoteSwiftPackageReference "DeviceKit" */ = {
			isa = XCRemoteSwiftPackageReference;
			repositoryURL = "https://github.com/devicekit/DeviceKit.git";
			requirement = {
				kind = upToNextMajorVersion;
				minimumVersion = 5.1.0;
			};
		};
		2E6B04BC2ACB357900A10052 /* XCRemoteSwiftPackageReference "keychain-swift" */ = {
			isa = XCRemoteSwiftPackageReference;
			repositoryURL = "https://github.com/evgenyneu/keychain-swift.git";
			requirement = {
				kind = upToNextMajorVersion;
				minimumVersion = 20.0.0;
			};
		};
		2E6B04C42ACB4CA900A10052 /* XCRemoteSwiftPackageReference "JWTDecode" */ = {
			isa = XCRemoteSwiftPackageReference;
			repositoryURL = "https://github.com/auth0/JWTDecode.swift";
			requirement = {
				kind = upToNextMajorVersion;
				minimumVersion = 3.1.0;
			};
		};
/* End XCRemoteSwiftPackageReference section */

/* Begin XCSwiftPackageProductDependency section */
		2E0268A22AB8988400C18681 /* LottaCoreAPI */ = {
			isa = XCSwiftPackageProductDependency;
			productName = LottaCoreAPI;
		};
		2E4191A22ACC5B5800FD0FDA /* Apollo */ = {
			isa = XCSwiftPackageProductDependency;
			package = 2E4191A12ACC5B5800FD0FDA /* XCRemoteSwiftPackageReference "apollo-ios" */;
			productName = Apollo;
		};
		2E4191A42ACC5B5800FD0FDA /* ApolloAPI */ = {
			isa = XCSwiftPackageProductDependency;
			package = 2E4191A12ACC5B5800FD0FDA /* XCRemoteSwiftPackageReference "apollo-ios" */;
			productName = ApolloAPI;
		};
		2E4191A62ACC5B5800FD0FDA /* ApolloWebSocket */ = {
			isa = XCSwiftPackageProductDependency;
			package = 2E4191A12ACC5B5800FD0FDA /* XCRemoteSwiftPackageReference "apollo-ios" */;
			productName = ApolloWebSocket;
		};
		2E4191B02ACC946200FD0FDA /* DeviceKit */ = {
			isa = XCSwiftPackageProductDependency;
			package = 2E4191AF2ACC946200FD0FDA /* XCRemoteSwiftPackageReference "DeviceKit" */;
			productName = DeviceKit;
		};
		2E5460A72AF17DAB00040149 /* ApolloSQLite */ = {
			isa = XCSwiftPackageProductDependency;
			package = 2E4191A12ACC5B5800FD0FDA /* XCRemoteSwiftPackageReference "apollo-ios" */;
			productName = ApolloSQLite;
		};
		2E6B04BD2ACB357900A10052 /* KeychainSwift */ = {
			isa = XCSwiftPackageProductDependency;
			package = 2E6B04BC2ACB357900A10052 /* XCRemoteSwiftPackageReference "keychain-swift" */;
			productName = KeychainSwift;
		};
		2E6B04C52ACB4CA900A10052 /* JWTDecode */ = {
			isa = XCSwiftPackageProductDependency;
			package = 2E6B04C42ACB4CA900A10052 /* XCRemoteSwiftPackageReference "JWTDecode" */;
			productName = JWTDecode;
		};
		5A360A425FE94FBE9718F5EF /* Sentry */ = {
			isa = XCSwiftPackageProductDependency;
			package = 0CC4D2DE368B48D09B8A24DD /* XCRemoteSwiftPackageReference "sentry-cocoa" */;
			productName = Sentry;
		};
/* End XCSwiftPackageProductDependency section */
	};
	rootObject = 2E0268602AB88F4500C18681 /* Project object */;
}
